
Microsoft Visual Studio Solution File, Format Version 12.00
# Visual Studio Version 17
VisualStudioVersion = 17.1.32210.238
MinimumVisualStudioVersion = 10.0.40219.1
Project("{FAE04EC0-301F-11D3-BF4B-00C04F79EFBC}") = "DiskMonWithWPFUI", "DiskMonWithWPFUI\DiskMonWithWPFUI.csproj", "{224FF985-754E-44BC-8F80-90FB552538E8}"
EndProject
Global
	GlobalSection(SolutionConfigurationPlatforms) = preSolution
		Debug|Any CPU = Debug|Any CPU
		Release|Any CPU = Release|Any CPU
	EndGlobalSection
	GlobalSection(ProjectConfigurationPlatforms) = postSolution
		{224FF985-754E-44BC-8F80-90FB552538E8}.Debug|Any CPU.ActiveCfg = Debug|Any CPU
		{224FF985-754E-44BC-8F80-90FB552538E8}.Debug|Any CPU.Build.0 = Debug|Any CPU
		{224FF985-754E-44BC-8F80-90FB552538E8}.Release|Any CPU.ActiveCfg = Release|Any CPU
		{224FF985-754E-44BC-8F80-90FB552538E8}.Release|Any CPU.Build.0 = Release|Any CPU
	EndGlobalSection
	GlobalSection(SolutionProperties) = preSolution
		HideSolutionNode = FALSE
	EndGlobalSection
	GlobalSection(ExtensibilityGlobals) = postSolution
		SolutionGuid = {446EC62D-D64A-441B-AAF4-3DE22C967EEF}
	EndGlobalSection
EndGlobal
